
Microsoft Visual Studio Solution File, Format Version 12.00
# Visual Studio Version 16
VisualStudioVersion = 16.0.31129.286
MinimumVisualStudioVersion = 10.0.40219.1
Project("{9A19103F-16F7-4668-BE54-9A1E7A4F7556}") = "JSDemo1", "JSDemo1\JSDemo1.csproj", "{25B05045-147F-44A5-93A3-7B33C7BE2A0B}"
EndProject
Project("{FAE04EC0-301F-11D3-BF4B-00C04F79EFBC}") = "Lab1", "Lab1\Lab1.csproj", "{456B768B-55EF-4CBC-BC5E-20554046E998}"
EndProject
Global
	GlobalSection(SolutionConfigurationPlatforms) = preSolution
		Debug|Any CPU = Debug|Any CPU
		Release|Any CPU = Release|Any CPU
	EndGlobalSection
	GlobalSection(ProjectConfigurationPlatforms) = postSolution
		{25B05045-147F-44A5-93A3-7B33C7BE2A0B}.Debug|Any CPU.ActiveCfg = Debug|Any CPU
		{25B05045-147F-44A5-93A3-7B33C7BE2A0B}.Debug|Any CPU.Build.0 = Debug|Any CPU
		{25B05045-147F-44A5-93A3-7B33C7BE2A0B}.Release|Any CPU.ActiveCfg = Release|Any CPU
		{25B05045-147F-44A5-93A3-7B33C7BE2A0B}.Release|Any CPU.Build.0 = Release|Any CPU
		{456B768B-55EF-4CBC-BC5E-20554046E998}.Debug|Any CPU.ActiveCfg = Debug|Any CPU
		{456B768B-55EF-4CBC-BC5E-20554046E998}.Debug|Any CPU.Build.0 = Debug|Any CPU
		{456B768B-55EF-4CBC-BC5E-20554046E998}.Release|Any CPU.ActiveCfg = Release|Any CPU
		{456B768B-55EF-4CBC-BC5E-20554046E998}.Release|Any CPU.Build.0 = Release|Any CPU
	EndGlobalSection
	GlobalSection(SolutionProperties) = preSolution
		HideSolutionNode = FALSE
	EndGlobalSection
	GlobalSection(ExtensibilityGlobals) = postSolution
		SolutionGuid = {69A75B4A-A147-47E7-8908-8A042BC01723}
	EndGlobalSection
EndGlobal
